
Microsoft Visual Studio Solution File, Format Version 12.00
# Visual Studio 2013
VisualStudioVersion = 12.0.21005.1
MinimumVisualStudioVersion = 10.0.40219.1
Project("{8BC9CEB8-8B4A-11D0-8D11-00A0C91BC942}") = "倒三角", "倒三角\倒三角.vcxproj", "{BFAAFA1E-99EC-421F-81EF-8D85EAA4312D}"
EndProject
Global
	GlobalSection(SolutionConfigurationPlatforms) = preSolution
		Debug|Win32 = Debug|Win32
		Release|Win32 = Release|Win32
	EndGlobalSection
	GlobalSection(ProjectConfigurationPlatforms) = postSolution
		{BFAAFA1E-99EC-421F-81EF-8D85EAA4312D}.Debug|Win32.ActiveCfg = Debug|Win32
		{BFAAFA1E-99EC-421F-81EF-8D85EAA4312D}.Debug|Win32.Build.0 = Debug|Win32
		{BFAAFA1E-99EC-421F-81EF-8D85EAA4312D}.Release|Win32.ActiveCfg = Release|Win32
		{BFAAFA1E-99EC-421F-81EF-8D85EAA4312D}.Release|Win32.Build.0 = Release|Win32
	EndGlobalSection
	GlobalSection(SolutionProperties) = preSolution
		HideSolutionNode = FALSE
	EndGlobalSection
EndGlobal
